
Microsoft Visual Studio Solution File, Format Version 12.00
# Visual Studio Version 17
VisualStudioVersion = 17.14.37111.16
MinimumVisualStudioVersion = 10.0.40219.1
Project("{FAE04EC0-301F-11D3-BF4B-00C04F79EFBC}") = "MVC", "MVC\MVC.csproj", "{2E5D7655-49EB-499C-B07E-4BBA50CC8BE5}"
EndProject
Project("{FAE04EC0-301F-11D3-BF4B-00C04F79EFBC}") = "ContosoUniversity", "ContosoUniversity\ContosoUniversity.csproj", "{1A15CB28-32FE-4EDC-8FD6-AEE14256EA21}"
EndProject
Project("{FAE04EC0-301F-11D3-BF4B-00C04F79EFBC}") = "Academy", "Academy\Academy.csproj", "{7194970E-38A7-401F-8AB1-DC3D32B7B5FE}"
EndProject
Global
	GlobalSection(SolutionConfigurationPlatforms) = preSolution
		Debug|Any CPU = Debug|Any CPU
		Release|Any CPU = Release|Any CPU
	EndGlobalSection
	GlobalSection(ProjectConfigurationPlatforms) = postSolution
		{2E5D7655-49EB-499C-B07E-4BBA50CC8BE5}.Debug|Any CPU.ActiveCfg = Debug|Any CPU
		{2E5D7655-49EB-499C-B07E-4BBA50CC8BE5}.Debug|Any CPU.Build.0 = Debug|Any CPU
		{2E5D7655-49EB-499C-B07E-4BBA50CC8BE5}.Release|Any CPU.ActiveCfg = Release|Any CPU
		{2E5D7655-49EB-499C-B07E-4BBA50CC8BE5}.Release|Any CPU.Build.0 = Release|Any CPU
		{1A15CB28-32FE-4EDC-8FD6-AEE14256EA21}.Debug|Any CPU.ActiveCfg = Debug|Any CPU
		{1A15CB28-32FE-4EDC-8FD6-AEE14256EA21}.Debug|Any CPU.Build.0 = Debug|Any CPU
		{1A15CB28-32FE-4EDC-8FD6-AEE14256EA21}.Release|Any CPU.ActiveCfg = Release|Any CPU
		{1A15CB28-32FE-4EDC-8FD6-AEE14256EA21}.Release|Any CPU.Build.0 = Release|Any CPU
		{7194970E-38A7-401F-8AB1-DC3D32B7B5FE}.Debug|Any CPU.ActiveCfg = Debug|Any CPU
		{7194970E-38A7-401F-8AB1-DC3D32B7B5FE}.Debug|Any CPU.Build.0 = Debug|Any CPU
		{7194970E-38A7-401F-8AB1-DC3D32B7B5FE}.Release|Any CPU.ActiveCfg = Release|Any CPU
		{7194970E-38A7-401F-8AB1-DC3D32B7B5FE}.Release|Any CPU.Build.0 = Release|Any CPU
	EndGlobalSection
	GlobalSection(SolutionProperties) = preSolution
		HideSolutionNode = FALSE
	EndGlobalSection
	GlobalSection(ExtensibilityGlobals) = postSolution
		SolutionGuid = {A7C151AA-7D48-4389-BF86-8841B7E56725}
	EndGlobalSection
EndGlobal
